# THIS IS AN AUTOGENERATED FILE. DO NOT EDIT THIS FILE DIRECTLY.
# yarn lockfile v1


wx-updata@^0.0.13:
  version "0.0.13"
  resolved "https://registry.yarnpkg.com/wx-updata/-/wx-updata-0.0.13.tgz#e0d60c69649697845b9a265440fd500e8ac1f6b4"
  integrity sha512-dRN1wZ+lH/qdKNM16nYmeJ1AS3wiGzh6kvFnnDTBvy4wh+TPOFsh0N7yfmRrWdTTBkC9wxbHY658tvQ1HoL7TQ==
