# THIS IS AN AUTOGENERATED FILE. DO NOT EDIT THIS FILE DIRECTLY.
# yarn lockfile v1


weui-miniprogram@^1.0.7:
  version "1.0.7"
  resolved "https://registry.yarnpkg.com/weui-miniprogram/-/weui-miniprogram-1.0.7.tgz#6fc0757896db5cc5ab3d97defee8966a0ae0ffb6"
  integrity sha512-tXpLnUyaN1jEZHlYAWid3q+Rbov6a90t7QX4uunEa9E2+IUrVLqxo1Q1CfT1uTtjE5hqg6ABGU0NA819Ga1D3g==
